github.com/bluefantail/bulma-list v1.2.0 h1:EsiKhGXuU6wiN7oMNxoITJxygNiDK1Bfz/kltCOJVI0=
github.com/bluefantail/bulma-list v1.2.0/go.mod h1:7W6xh2x08pzzY7rl7eoJ8qVukr2ZRJj8j2sE/HS/WEU=
github.com/jgthms/bulma v0.0.0-20240216181352-e79c72344154 h1:R0NMfPVsxGRr8UZ0ld8BOKBGLoOTatpUU5M1S+RxqM4=
github.com/jgthms/bulma v0.0.0-20240216181352-e79c72344154/go.mod h1:89FLBKXYFKfOKAoDeUT26V0pHGwzr205cMXAEqtAVOI=
